{
  "name": "@mew-protocol/agent",
  "version": "0.3.0",
  "lockfileVersion": 3,
  "requires": true,
  "packages": {
    "": {
      "name": "@mew-protocol/agent",
      "version": "0.3.0",
      "license": "MIT",
      "dependencies": {
        "@mew-protocol/client": "file:../client",
        "@mew-protocol/participant": "file:../participant",
        "@mew-protocol/types": "file:../types",
        "@types/uuid": "^10.0.0",
        "js-yaml": "^4.1.0",
        "openai": "^5.20.1",
        "uuid": "^13.0.0"
      },
      "bin": {
        "mew-agent": "dist/index.js"
      },
      "devDependencies": {
        "@types/js-yaml": "^4.0.5",
        "@types/node": "^20.0.0",
        "prettier": "^3.6.2",
        "typescript": "^5.0.0"
      }
    },
    "../client": {
      "name": "@mew-protocol/client",
      "version": "0.2.0",
      "license": "MIT",
      "dependencies": {
        "@mew-protocol/types": "file:../types",
        "eventemitter3": "^5.0.1",
        "uuid": "^10.0.0",
        "ws": "^8.18.0"
      },
      "devDependencies": {
        "@eslint/js": "^9.35.0",
        "@types/node": "^20.14.0",
        "@types/uuid": "^10.0.0",
        "@types/ws": "^8.5.10",
        "@typescript-eslint/eslint-plugin": "^8.43.0",
        "@typescript-eslint/parser": "^8.43.0",
        "@vitest/coverage-v8": "^2.0.0",
        "@vitest/ui": "^2.0.0",
        "eslint": "^9.35.0",
        "eslint-config-prettier": "^10.1.8",
        "prettier": "^3.6.2",
        "tsup": "^8.0.0",
        "typescript": "^5.5.0",
        "vitest": "^2.0.0"
      },
      "engines": {
        "node": ">=18.0.0"
      }
    },
    "../participant": {
      "name": "@mew-protocol/participant",
      "version": "0.1.0",
      "license": "MIT",
      "dependencies": {
        "@mew-protocol/capability-matcher": "file:../capability-matcher",
        "@mew-protocol/client": "file:../client",
        "@mew-protocol/types": "file:../types",
        "@types/uuid": "^10.0.0",
        "uuid": "^13.0.0"
      },
      "devDependencies": {
        "@types/node": "^20.0.0",
        "@types/ws": "^8.5.5",
        "typescript": "^5.0.0"
      }
    },
    "../types": {
      "name": "@mew-protocol/types",
      "version": "0.2.0",
      "license": "MIT",
      "devDependencies": {
        "@types/node": "^20.14.0",
        "tsup": "^8.0.0",
        "typescript": "^5.5.0"
      },
      "engines": {
        "node": ">=18.0.0"
      }
    },
    "node_modules/@mew-protocol/client": {
      "resolved": "../client",
      "link": true
    },
    "node_modules/@mew-protocol/participant": {
      "resolved": "../participant",
      "link": true
    },
    "node_modules/@mew-protocol/types": {
      "resolved": "../types",
      "link": true
    },
    "node_modules/@types/js-yaml": {
      "version": "4.0.9",
      "resolved": "https://registry.npmjs.org/@types/js-yaml/-/js-yaml-4.0.9.tgz",
      "integrity": "sha512-k4MGaQl5TGo/iipqb2UDG2UwjXziSWkh0uysQelTlJpX1qGlpUZYm8PnO4DxG1qBomtJUdYJ6qR6xdIah10JLg==",
      "dev": true,
      "license": "MIT"
    },
    "node_modules/@types/node": {
      "version": "20.19.13",
      "resolved": "https://registry.npmjs.org/@types/node/-/node-20.19.13.tgz",
      "integrity": "sha512-yCAeZl7a0DxgNVteXFHt9+uyFbqXGy/ShC4BlcHkoE0AfGXYv/BUiplV72DjMYXHDBXFjhvr6DD1NiRVfB4j8g==",
      "dev": true,
      "license": "MIT",
      "dependencies": {
        "undici-types": "~6.21.0"
      }
    },
    "node_modules/@types/uuid": {
      "version": "10.0.0",
      "resolved": "https://registry.npmjs.org/@types/uuid/-/uuid-10.0.0.tgz",
      "integrity": "sha512-7gqG38EyHgyP1S+7+xomFtL+ZNHcKv6DwNaCZmJmo1vgMugyF3TCnXVg4t1uk89mLNwnLtnY3TpOpCOyp1/xHQ==",
      "license": "MIT"
    },
    "node_modules/argparse": {
      "version": "2.0.1",
      "resolved": "https://registry.npmjs.org/argparse/-/argparse-2.0.1.tgz",
      "integrity": "sha512-8+9WqebbFzpX9OR+Wa6O29asIogeRMzcGtAINdpMHHyAg10f05aSFVBbcEqGf/PXw1EjAZ+q2/bEBg3DvurK3Q==",
      "license": "Python-2.0"
    },
    "node_modules/js-yaml": {
      "version": "4.1.0",
      "resolved": "https://registry.npmjs.org/js-yaml/-/js-yaml-4.1.0.tgz",
      "integrity": "sha512-wpxZs9NoxZaJESJGIZTyDEaYpl0FKSA+FB9aJiyemKhMwkxQg63h4T1KJgUGHpTqPDNRcmmYLugrRjJlBtWvRA==",
      "license": "MIT",
      "dependencies": {
        "argparse": "^2.0.1"
      },
      "bin": {
        "js-yaml": "bin/js-yaml.js"
      }
    },
    "node_modules/openai": {
      "version": "5.20.1",
      "resolved": "https://registry.npmjs.org/openai/-/openai-5.20.1.tgz",
      "integrity": "sha512-UndCB0R5V3iB9I98NyF69zNP6YfwU4+Fjk0eW4HhooTm+Awlpm/MGjJTwJsyNV/qkH1NJi0GG+9odwukGTqExQ==",
      "license": "Apache-2.0",
      "bin": {
        "openai": "bin/cli"
      },
      "peerDependencies": {
        "ws": "^8.18.0",
        "zod": "^3.23.8"
      },
      "peerDependenciesMeta": {
        "ws": {
          "optional": true
        },
        "zod": {
          "optional": true
        }
      }
    },
    "node_modules/prettier": {
      "version": "3.6.2",
      "resolved": "https://registry.npmjs.org/prettier/-/prettier-3.6.2.tgz",
      "integrity": "sha512-I7AIg5boAr5R0FFtJ6rCfD+LFsWHp81dolrFD8S79U9tb8Az2nGrJncnMSnys+bpQJfRUzqs9hnA81OAA3hCuQ==",
      "dev": true,
      "license": "MIT",
      "bin": {
        "prettier": "bin/prettier.cjs"
      },
      "engines": {
        "node": ">=14"
      },
      "funding": {
        "url": "https://github.com/prettier/prettier?sponsor=1"
      }
    },
    "node_modules/typescript": {
      "version": "5.9.2",
      "resolved": "https://registry.npmjs.org/typescript/-/typescript-5.9.2.tgz",
      "integrity": "sha512-CWBzXQrc/qOkhidw1OzBTQuYRbfyxDXJMVJ1XNwUHGROVmuaeiEm3OslpZ1RV96d7SKKjZKrSJu3+t/xlw3R9A==",
      "dev": true,
      "license": "Apache-2.0",
      "bin": {
        "tsc": "bin/tsc",
        "tsserver": "bin/tsserver"
      },
      "engines": {
        "node": ">=14.17"
      }
    },
    "node_modules/undici-types": {
      "version": "6.21.0",
      "resolved": "https://registry.npmjs.org/undici-types/-/undici-types-6.21.0.tgz",
      "integrity": "sha512-iwDZqg0QAGrg9Rav5H4n0M64c3mkR59cJ6wQp+7C4nI0gsmExaedaYLNO44eT4AtBBwjbTiGPMlt2Md0T9H9JQ==",
      "dev": true,
      "license": "MIT"
    },
    "node_modules/uuid": {
      "version": "13.0.0",
      "resolved": "https://registry.npmjs.org/uuid/-/uuid-13.0.0.tgz",
      "integrity": "sha512-XQegIaBTVUjSHliKqcnFqYypAd4S+WCYt5NIeRs6w/UAry7z8Y9j5ZwRRL4kzq9U3sD6v+85er9FvkEaBpji2w==",
      "funding": [
        "https://github.com/sponsors/broofa",
        "https://github.com/sponsors/ctavan"
      ],
      "license": "MIT",
      "bin": {
        "uuid": "dist-node/bin/uuid"
      }
    }
  }
}
